
Microsoft Visual Studio Solution File, Format Version 12.00
# Visual Studio 15
VisualStudioVersion = 15.0.26430.14
MinimumVisualStudioVersion = 10.0.40219.1
Project("{FAE04EC0-301F-11D3-BF4B-00C04F79EFBC}") = "OKHOSTING.ERP", "OKHOSTING.ERP\OKHOSTING.ERP.csproj", "{04C2F81A-439A-4E72-AA70-BA0C9C5FD77B}"
EndProject
Project("{FAE04EC0-301F-11D3-BF4B-00C04F79EFBC}") = "OKHOSTING.ERP.Construction", "PCL\OKHOSTING.ERP.Construction\OKHOSTING.ERP.Construction.csproj", "{CFEA722C-6EA6-47B8-9E40-0C5F2F9844D0}"
EndProject
Project("{2150E333-8FDC-42A3-9474-1A3956D46DE8}") = "References", "References", "{8982753D-2359-45C3-9600-8170B675D759}"
EndProject
Project("{FAE04EC0-301F-11D3-BF4B-00C04F79EFBC}") = "OKHOSTING.Core", "..\..\OKHOSTING.Core\src\PCL\OKHOSTING.Core\OKHOSTING.Core.csproj", "{3F4502FA-51EA-4CB9-8E50-46F828D240A1}"
EndProject
Project("{FAE04EC0-301F-11D3-BF4B-00C04F79EFBC}") = "OKHOSTING.Data", "..\..\OKHOSTING.Data\src\PCL\OKHOSTING.Data\OKHOSTING.Data.csproj", "{5BA0CBAC-63E5-4E01-AECA-67AE3B63503B}"
EndProject
Project("{FAE04EC0-301F-11D3-BF4B-00C04F79EFBC}") = "OKHOSTING.Sql", "..\..\OKHOSTING.Sql\src\PCL\OKHOSTING.Sql\OKHOSTING.Sql.csproj", "{AFC2147B-EAD8-439B-8CA6-D1BF308064B3}"
EndProject
Global
	GlobalSection(SolutionConfigurationPlatforms) = preSolution
		Debug|Any CPU = Debug|Any CPU
		Release|Any CPU = Release|Any CPU
	EndGlobalSection
	GlobalSection(ProjectConfigurationPlatforms) = postSolution
		{04C2F81A-439A-4E72-AA70-BA0C9C5FD77B}.Debug|Any CPU.ActiveCfg = Debug|Any CPU
		{04C2F81A-439A-4E72-AA70-BA0C9C5FD77B}.Debug|Any CPU.Build.0 = Debug|Any CPU
		{04C2F81A-439A-4E72-AA70-BA0C9C5FD77B}.Release|Any CPU.ActiveCfg = Release|Any CPU
		{04C2F81A-439A-4E72-AA70-BA0C9C5FD77B}.Release|Any CPU.Build.0 = Release|Any CPU
		{CFEA722C-6EA6-47B8-9E40-0C5F2F9844D0}.Debug|Any CPU.ActiveCfg = Debug|Any CPU
		{CFEA722C-6EA6-47B8-9E40-0C5F2F9844D0}.Debug|Any CPU.Build.0 = Debug|Any CPU
		{CFEA722C-6EA6-47B8-9E40-0C5F2F9844D0}.Release|Any CPU.ActiveCfg = Release|Any CPU
		{CFEA722C-6EA6-47B8-9E40-0C5F2F9844D0}.Release|Any CPU.Build.0 = Release|Any CPU
		{3F4502FA-51EA-4CB9-8E50-46F828D240A1}.Debug|Any CPU.ActiveCfg = Debug|Any CPU
		{3F4502FA-51EA-4CB9-8E50-46F828D240A1}.Debug|Any CPU.Build.0 = Debug|Any CPU
		{3F4502FA-51EA-4CB9-8E50-46F828D240A1}.Release|Any CPU.ActiveCfg = Release|Any CPU
		{3F4502FA-51EA-4CB9-8E50-46F828D240A1}.Release|Any CPU.Build.0 = Release|Any CPU
		{5BA0CBAC-63E5-4E01-AECA-67AE3B63503B}.Debug|Any CPU.ActiveCfg = Debug|Any CPU
		{5BA0CBAC-63E5-4E01-AECA-67AE3B63503B}.Debug|Any CPU.Build.0 = Debug|Any CPU
		{5BA0CBAC-63E5-4E01-AECA-67AE3B63503B}.Release|Any CPU.ActiveCfg = Release|Any CPU
		{5BA0CBAC-63E5-4E01-AECA-67AE3B63503B}.Release|Any CPU.Build.0 = Release|Any CPU
		{AFC2147B-EAD8-439B-8CA6-D1BF308064B3}.Debug|Any CPU.ActiveCfg = Debug|Any CPU
		{AFC2147B-EAD8-439B-8CA6-D1BF308064B3}.Debug|Any CPU.Build.0 = Debug|Any CPU
		{AFC2147B-EAD8-439B-8CA6-D1BF308064B3}.Release|Any CPU.ActiveCfg = Release|Any CPU
		{AFC2147B-EAD8-439B-8CA6-D1BF308064B3}.Release|Any CPU.Build.0 = Release|Any CPU
	EndGlobalSection
	GlobalSection(SolutionProperties) = preSolution
		HideSolutionNode = FALSE
	EndGlobalSection
	GlobalSection(NestedProjects) = preSolution
		{3F4502FA-51EA-4CB9-8E50-46F828D240A1} = {8982753D-2359-45C3-9600-8170B675D759}
		{5BA0CBAC-63E5-4E01-AECA-67AE3B63503B} = {8982753D-2359-45C3-9600-8170B675D759}
		{AFC2147B-EAD8-439B-8CA6-D1BF308064B3} = {8982753D-2359-45C3-9600-8170B675D759}
	EndGlobalSection
EndGlobal
