
Microsoft Visual Studio Solution File, Format Version 12.00
# Visual Studio 15
VisualStudioVersion = 15.0.26730.16
MinimumVisualStudioVersion = 10.0.40219.1
Project("{2150E333-8FDC-42A3-9474-1A3956D46DE8}") = "References", "References", "{8982753D-2359-45C3-9600-8170B675D759}"
EndProject
Project("{9A19103F-16F7-4668-BE54-9A1E7A4F7556}") = "OKHOSTING.Core", "..\..\OKHOSTING.Core\src\Standard\OKHOSTING.Core\OKHOSTING.Core.csproj", "{A5394469-222E-47F2-B88E-670F7D25AD8E}"
EndProject
Project("{9A19103F-16F7-4668-BE54-9A1E7A4F7556}") = "OKHOSTING.Data", "..\..\OKHOSTING.Data\src\Standard\OKHOSTING.Data\OKHOSTING.Data.csproj", "{5BA0CBAC-63E5-4E01-AECA-67AE3B63503B}"
EndProject
Project("{9A19103F-16F7-4668-BE54-9A1E7A4F7556}") = "OKHOSTING.SQL", "..\..\OKHOSTING.SQL\src\Standard\OKHOSTING.SQL\OKHOSTING.SQL.csproj", "{AFC2147B-EAD8-439B-8CA6-D1BF308064B3}"
EndProject
Project("{9A19103F-16F7-4668-BE54-9A1E7A4F7556}") = "OKHOSTING.ORM", "..\..\OKHOSTING.ORM\src\Standard\OKHOSTING.ORM\OKHOSTING.ORM.csproj", "{976FFEB3-E99D-4B0B-9735-98D2BB311986}"
EndProject
Project("{9A19103F-16F7-4668-BE54-9A1E7A4F7556}") = "OKHOSTING.Files", "..\..\OKHOSTING.Files\src\Standard\OKHOSTING.Files\OKHOSTING.Files.csproj", "{0A277EB9-39DD-43B7-AECA-1250F4E62A10}"
EndProject
Project("{9A19103F-16F7-4668-BE54-9A1E7A4F7556}") = "OKHOSTING.ORM.UI", "..\..\OKHOSTING.ORM\src\Standard\OKHOSTING.ORM.UI\OKHOSTING.ORM.UI.csproj", "{26E19A43-B101-4465-89B3-215AF216A5C2}"
EndProject
Project("{9A19103F-16F7-4668-BE54-9A1E7A4F7556}") = "OKHOSTING.UI", "..\..\OKHOSTING.UI\src\Standard\OKHOSTING.UI\OKHOSTING.UI.csproj", "{F9D654B5-6B7A-4573-B8C8-FD09B96C021B}"
EndProject
Project("{9A19103F-16F7-4668-BE54-9A1E7A4F7556}") = "OKHOSTING.ERP.New", "Standard\OKHOSTING.ERP\OKHOSTING.ERP.New.csproj", "{04C2F81A-439A-4E72-AA70-BA0C9C5FD77B}"
EndProject
Project("{9A19103F-16F7-4668-BE54-9A1E7A4F7556}") = "OKHOSTING.Computers", "..\..\OKHOSTING.Computers\src\Standard\OKHOSTING.Computers\OKHOSTING.Computers.csproj", "{69F56594-4A8F-45F2-A79E-76F476CE92F1}"
EndProject
Project("{9A19103F-16F7-4668-BE54-9A1E7A4F7556}") = "OKHOSTING.Security", "..\..\OKHOSTING.Security\src\Standard\OKHOSTING.Security\OKHOSTING.Security.csproj", "{9FCE3017-195B-46D7-A5BF-FBB0F352834F}"
EndProject
Project("{9A19103F-16F7-4668-BE54-9A1E7A4F7556}") = "OKHOSTING.Shell", "..\..\OKHOSTING.Shell\src\Standard\OKHOSTING.Shell\OKHOSTING.Shell.csproj", "{77C097EC-DD95-4C20-9C4D-5B8713A31784}"
EndProject
Project("{2150E333-8FDC-42A3-9474-1A3956D46DE8}") = "Standard", "Standard", "{D34887CB-3567-4189-8E06-86B389050057}"
EndProject
Global
	GlobalSection(SolutionConfigurationPlatforms) = preSolution
		Debug|Any CPU = Debug|Any CPU
		Release|Any CPU = Release|Any CPU
	EndGlobalSection
	GlobalSection(ProjectConfigurationPlatforms) = postSolution
		{A5394469-222E-47F2-B88E-670F7D25AD8E}.Debug|Any CPU.ActiveCfg = Debug|Any CPU
		{A5394469-222E-47F2-B88E-670F7D25AD8E}.Debug|Any CPU.Build.0 = Debug|Any CPU
		{A5394469-222E-47F2-B88E-670F7D25AD8E}.Release|Any CPU.ActiveCfg = Release|Any CPU
		{A5394469-222E-47F2-B88E-670F7D25AD8E}.Release|Any CPU.Build.0 = Release|Any CPU
		{5BA0CBAC-63E5-4E01-AECA-67AE3B63503B}.Debug|Any CPU.ActiveCfg = Debug|Any CPU
		{5BA0CBAC-63E5-4E01-AECA-67AE3B63503B}.Debug|Any CPU.Build.0 = Debug|Any CPU
		{5BA0CBAC-63E5-4E01-AECA-67AE3B63503B}.Release|Any CPU.ActiveCfg = Release|Any CPU
		{5BA0CBAC-63E5-4E01-AECA-67AE3B63503B}.Release|Any CPU.Build.0 = Release|Any CPU
		{AFC2147B-EAD8-439B-8CA6-D1BF308064B3}.Debug|Any CPU.ActiveCfg = Debug|Any CPU
		{AFC2147B-EAD8-439B-8CA6-D1BF308064B3}.Debug|Any CPU.Build.0 = Debug|Any CPU
		{AFC2147B-EAD8-439B-8CA6-D1BF308064B3}.Release|Any CPU.ActiveCfg = Release|Any CPU
		{AFC2147B-EAD8-439B-8CA6-D1BF308064B3}.Release|Any CPU.Build.0 = Release|Any CPU
		{976FFEB3-E99D-4B0B-9735-98D2BB311986}.Debug|Any CPU.ActiveCfg = Debug|Any CPU
		{976FFEB3-E99D-4B0B-9735-98D2BB311986}.Debug|Any CPU.Build.0 = Debug|Any CPU
		{976FFEB3-E99D-4B0B-9735-98D2BB311986}.Release|Any CPU.ActiveCfg = Release|Any CPU
		{976FFEB3-E99D-4B0B-9735-98D2BB311986}.Release|Any CPU.Build.0 = Release|Any CPU
		{0A277EB9-39DD-43B7-AECA-1250F4E62A10}.Debug|Any CPU.ActiveCfg = Debug|Any CPU
		{0A277EB9-39DD-43B7-AECA-1250F4E62A10}.Debug|Any CPU.Build.0 = Debug|Any CPU
		{0A277EB9-39DD-43B7-AECA-1250F4E62A10}.Release|Any CPU.ActiveCfg = Release|Any CPU
		{0A277EB9-39DD-43B7-AECA-1250F4E62A10}.Release|Any CPU.Build.0 = Release|Any CPU
		{26E19A43-B101-4465-89B3-215AF216A5C2}.Debug|Any CPU.ActiveCfg = Debug|Any CPU
		{26E19A43-B101-4465-89B3-215AF216A5C2}.Debug|Any CPU.Build.0 = Debug|Any CPU
		{26E19A43-B101-4465-89B3-215AF216A5C2}.Release|Any CPU.ActiveCfg = Release|Any CPU
		{26E19A43-B101-4465-89B3-215AF216A5C2}.Release|Any CPU.Build.0 = Release|Any CPU
		{F9D654B5-6B7A-4573-B8C8-FD09B96C021B}.Debug|Any CPU.ActiveCfg = Debug|Any CPU
		{F9D654B5-6B7A-4573-B8C8-FD09B96C021B}.Debug|Any CPU.Build.0 = Debug|Any CPU
		{F9D654B5-6B7A-4573-B8C8-FD09B96C021B}.Release|Any CPU.ActiveCfg = Release|Any CPU
		{F9D654B5-6B7A-4573-B8C8-FD09B96C021B}.Release|Any CPU.Build.0 = Release|Any CPU
		{04C2F81A-439A-4E72-AA70-BA0C9C5FD77B}.Debug|Any CPU.ActiveCfg = Debug|Any CPU
		{04C2F81A-439A-4E72-AA70-BA0C9C5FD77B}.Debug|Any CPU.Build.0 = Debug|Any CPU
		{04C2F81A-439A-4E72-AA70-BA0C9C5FD77B}.Release|Any CPU.ActiveCfg = Release|Any CPU
		{04C2F81A-439A-4E72-AA70-BA0C9C5FD77B}.Release|Any CPU.Build.0 = Release|Any CPU
		{69F56594-4A8F-45F2-A79E-76F476CE92F1}.Debug|Any CPU.ActiveCfg = Debug|Any CPU
		{69F56594-4A8F-45F2-A79E-76F476CE92F1}.Debug|Any CPU.Build.0 = Debug|Any CPU
		{69F56594-4A8F-45F2-A79E-76F476CE92F1}.Release|Any CPU.ActiveCfg = Release|Any CPU
		{69F56594-4A8F-45F2-A79E-76F476CE92F1}.Release|Any CPU.Build.0 = Release|Any CPU
		{9FCE3017-195B-46D7-A5BF-FBB0F352834F}.Debug|Any CPU.ActiveCfg = Debug|Any CPU
		{9FCE3017-195B-46D7-A5BF-FBB0F352834F}.Debug|Any CPU.Build.0 = Debug|Any CPU
		{9FCE3017-195B-46D7-A5BF-FBB0F352834F}.Release|Any CPU.ActiveCfg = Release|Any CPU
		{9FCE3017-195B-46D7-A5BF-FBB0F352834F}.Release|Any CPU.Build.0 = Release|Any CPU
		{77C097EC-DD95-4C20-9C4D-5B8713A31784}.Debug|Any CPU.ActiveCfg = Debug|Any CPU
		{77C097EC-DD95-4C20-9C4D-5B8713A31784}.Debug|Any CPU.Build.0 = Debug|Any CPU
		{77C097EC-DD95-4C20-9C4D-5B8713A31784}.Release|Any CPU.ActiveCfg = Release|Any CPU
		{77C097EC-DD95-4C20-9C4D-5B8713A31784}.Release|Any CPU.Build.0 = Release|Any CPU
	EndGlobalSection
	GlobalSection(SolutionProperties) = preSolution
		HideSolutionNode = FALSE
	EndGlobalSection
	GlobalSection(NestedProjects) = preSolution
		{A5394469-222E-47F2-B88E-670F7D25AD8E} = {8982753D-2359-45C3-9600-8170B675D759}
		{5BA0CBAC-63E5-4E01-AECA-67AE3B63503B} = {8982753D-2359-45C3-9600-8170B675D759}
		{AFC2147B-EAD8-439B-8CA6-D1BF308064B3} = {8982753D-2359-45C3-9600-8170B675D759}
		{976FFEB3-E99D-4B0B-9735-98D2BB311986} = {8982753D-2359-45C3-9600-8170B675D759}
		{0A277EB9-39DD-43B7-AECA-1250F4E62A10} = {8982753D-2359-45C3-9600-8170B675D759}
		{26E19A43-B101-4465-89B3-215AF216A5C2} = {8982753D-2359-45C3-9600-8170B675D759}
		{F9D654B5-6B7A-4573-B8C8-FD09B96C021B} = {8982753D-2359-45C3-9600-8170B675D759}
		{04C2F81A-439A-4E72-AA70-BA0C9C5FD77B} = {D34887CB-3567-4189-8E06-86B389050057}
		{69F56594-4A8F-45F2-A79E-76F476CE92F1} = {8982753D-2359-45C3-9600-8170B675D759}
		{9FCE3017-195B-46D7-A5BF-FBB0F352834F} = {8982753D-2359-45C3-9600-8170B675D759}
		{77C097EC-DD95-4C20-9C4D-5B8713A31784} = {8982753D-2359-45C3-9600-8170B675D759}
	EndGlobalSection
	GlobalSection(ExtensibilityGlobals) = postSolution
		SolutionGuid = {D929F5CF-9E89-4DC2-A2D7-6CCA3A43E8F9}
	EndGlobalSection
EndGlobal
