
Microsoft Visual Studio Solution File, Format Version 12.00
# Visual Studio 15
VisualStudioVersion = 15.0.26430.16
MinimumVisualStudioVersion = 10.0.40219.1
Project("{2150E333-8FDC-42A3-9474-1A3956D46DE8}") = "References", "References", "{8982753D-2359-45C3-9600-8170B675D759}"
EndProject
Project("{FAE04EC0-301F-11D3-BF4B-00C04F79EFBC}") = "OKHOSTING.Core", "..\..\OKHOSTING.Core\src\PCL\OKHOSTING.Core\OKHOSTING.Core.csproj", "{A5394469-222E-47F2-B88E-670F7D25AD8E}"
EndProject
Project("{FAE04EC0-301F-11D3-BF4B-00C04F79EFBC}") = "OKHOSTING.Data", "..\..\OKHOSTING.Data\src\PCL\OKHOSTING.Data\OKHOSTING.Data.csproj", "{5BA0CBAC-63E5-4E01-AECA-67AE3B63503B}"
EndProject
Project("{FAE04EC0-301F-11D3-BF4B-00C04F79EFBC}") = "OKHOSTING.Sql", "..\..\OKHOSTING.Sql\src\PCL\OKHOSTING.Sql\OKHOSTING.Sql.csproj", "{AFC2147B-EAD8-439B-8CA6-D1BF308064B3}"
EndProject
Project("{FAE04EC0-301F-11D3-BF4B-00C04F79EFBC}") = "OKHOSTING.ORM", "..\..\OKHOSTING.ORM\src\PCL\OKHOSTING.ORM\OKHOSTING.ORM.csproj", "{976FFEB3-E99D-4B0B-9735-98D2BB311986}"
EndProject
Project("{FAE04EC0-301F-11D3-BF4B-00C04F79EFBC}") = "OKHOSTING.Files", "..\..\OKHOSTING.Files\src\PCL\OKHOSTING.Files\OKHOSTING.Files.csproj", "{0A277EB9-39DD-43B7-AECA-1250F4E62A10}"
EndProject
Project("{FAE04EC0-301F-11D3-BF4B-00C04F79EFBC}") = "OKHOSTING.ORM.UI", "..\..\OKHOSTING.ORM\src\PCL\OKHOSTING.ORM.UI\OKHOSTING.ORM.UI.csproj", "{26E19A43-B101-4465-89B3-215AF216A5C2}"
EndProject
Project("{FAE04EC0-301F-11D3-BF4B-00C04F79EFBC}") = "OKHOSTING.UI", "..\..\OKHOSTING.UI\src\PCL\OKHOSTING.UI\OKHOSTING.UI.csproj", "{F9D654B5-6B7A-4573-B8C8-FD09B96C021B}"
EndProject
Project("{FAE04EC0-301F-11D3-BF4B-00C04F79EFBC}") = "OKHOSTING.ERP.ORM", "PCL\OKHOSTING.ERP.ORM\OKHOSTING.ERP.ORM.csproj", "{2F85D1F9-CE80-4702-9407-31F60C5D1AA4}"
EndProject
Project("{FAE04EC0-301F-11D3-BF4B-00C04F79EFBC}") = "OKHOSTING.ERP.New", "PCL\OKHOSTING.ERP\OKHOSTING.ERP.New.csproj", "{04C2F81A-439A-4E72-AA70-BA0C9C5FD77B}"
EndProject
Project("{FAE04EC0-301F-11D3-BF4B-00C04F79EFBC}") = "OKHOSTING.ERP.UI", "PCL\OKHOSTING.ERP.UI\OKHOSTING.ERP.UI.csproj", "{AC30E9FF-50A6-412D-A321-97E5FE908786}"
EndProject
Global
	GlobalSection(SolutionConfigurationPlatforms) = preSolution
		Debug|Any CPU = Debug|Any CPU
		Release|Any CPU = Release|Any CPU
	EndGlobalSection
	GlobalSection(ProjectConfigurationPlatforms) = postSolution
		{A5394469-222E-47F2-B88E-670F7D25AD8E}.Debug|Any CPU.ActiveCfg = Debug|Any CPU
		{A5394469-222E-47F2-B88E-670F7D25AD8E}.Debug|Any CPU.Build.0 = Debug|Any CPU
		{A5394469-222E-47F2-B88E-670F7D25AD8E}.Release|Any CPU.ActiveCfg = Release|Any CPU
		{A5394469-222E-47F2-B88E-670F7D25AD8E}.Release|Any CPU.Build.0 = Release|Any CPU
		{5BA0CBAC-63E5-4E01-AECA-67AE3B63503B}.Debug|Any CPU.ActiveCfg = Debug|Any CPU
		{5BA0CBAC-63E5-4E01-AECA-67AE3B63503B}.Debug|Any CPU.Build.0 = Debug|Any CPU
		{5BA0CBAC-63E5-4E01-AECA-67AE3B63503B}.Release|Any CPU.ActiveCfg = Release|Any CPU
		{5BA0CBAC-63E5-4E01-AECA-67AE3B63503B}.Release|Any CPU.Build.0 = Release|Any CPU
		{AFC2147B-EAD8-439B-8CA6-D1BF308064B3}.Debug|Any CPU.ActiveCfg = Debug|Any CPU
		{AFC2147B-EAD8-439B-8CA6-D1BF308064B3}.Debug|Any CPU.Build.0 = Debug|Any CPU
		{AFC2147B-EAD8-439B-8CA6-D1BF308064B3}.Release|Any CPU.ActiveCfg = Release|Any CPU
		{AFC2147B-EAD8-439B-8CA6-D1BF308064B3}.Release|Any CPU.Build.0 = Release|Any CPU
		{976FFEB3-E99D-4B0B-9735-98D2BB311986}.Debug|Any CPU.ActiveCfg = Debug|Any CPU
		{976FFEB3-E99D-4B0B-9735-98D2BB311986}.Debug|Any CPU.Build.0 = Debug|Any CPU
		{976FFEB3-E99D-4B0B-9735-98D2BB311986}.Release|Any CPU.ActiveCfg = Release|Any CPU
		{976FFEB3-E99D-4B0B-9735-98D2BB311986}.Release|Any CPU.Build.0 = Release|Any CPU
		{0A277EB9-39DD-43B7-AECA-1250F4E62A10}.Debug|Any CPU.ActiveCfg = Debug|Any CPU
		{0A277EB9-39DD-43B7-AECA-1250F4E62A10}.Debug|Any CPU.Build.0 = Debug|Any CPU
		{0A277EB9-39DD-43B7-AECA-1250F4E62A10}.Release|Any CPU.ActiveCfg = Release|Any CPU
		{0A277EB9-39DD-43B7-AECA-1250F4E62A10}.Release|Any CPU.Build.0 = Release|Any CPU
		{26E19A43-B101-4465-89B3-215AF216A5C2}.Debug|Any CPU.ActiveCfg = Debug|Any CPU
		{26E19A43-B101-4465-89B3-215AF216A5C2}.Debug|Any CPU.Build.0 = Debug|Any CPU
		{26E19A43-B101-4465-89B3-215AF216A5C2}.Release|Any CPU.ActiveCfg = Release|Any CPU
		{26E19A43-B101-4465-89B3-215AF216A5C2}.Release|Any CPU.Build.0 = Release|Any CPU
		{F9D654B5-6B7A-4573-B8C8-FD09B96C021B}.Debug|Any CPU.ActiveCfg = Debug|Any CPU
		{F9D654B5-6B7A-4573-B8C8-FD09B96C021B}.Debug|Any CPU.Build.0 = Debug|Any CPU
		{F9D654B5-6B7A-4573-B8C8-FD09B96C021B}.Release|Any CPU.ActiveCfg = Release|Any CPU
		{F9D654B5-6B7A-4573-B8C8-FD09B96C021B}.Release|Any CPU.Build.0 = Release|Any CPU
		{2F85D1F9-CE80-4702-9407-31F60C5D1AA4}.Debug|Any CPU.ActiveCfg = Debug|Any CPU
		{2F85D1F9-CE80-4702-9407-31F60C5D1AA4}.Debug|Any CPU.Build.0 = Debug|Any CPU
		{2F85D1F9-CE80-4702-9407-31F60C5D1AA4}.Release|Any CPU.ActiveCfg = Release|Any CPU
		{2F85D1F9-CE80-4702-9407-31F60C5D1AA4}.Release|Any CPU.Build.0 = Release|Any CPU
		{04C2F81A-439A-4E72-AA70-BA0C9C5FD77B}.Debug|Any CPU.ActiveCfg = Debug|Any CPU
		{04C2F81A-439A-4E72-AA70-BA0C9C5FD77B}.Debug|Any CPU.Build.0 = Debug|Any CPU
		{04C2F81A-439A-4E72-AA70-BA0C9C5FD77B}.Release|Any CPU.ActiveCfg = Release|Any CPU
		{04C2F81A-439A-4E72-AA70-BA0C9C5FD77B}.Release|Any CPU.Build.0 = Release|Any CPU
		{AC30E9FF-50A6-412D-A321-97E5FE908786}.Debug|Any CPU.ActiveCfg = Debug|Any CPU
		{AC30E9FF-50A6-412D-A321-97E5FE908786}.Debug|Any CPU.Build.0 = Debug|Any CPU
		{AC30E9FF-50A6-412D-A321-97E5FE908786}.Release|Any CPU.ActiveCfg = Release|Any CPU
		{AC30E9FF-50A6-412D-A321-97E5FE908786}.Release|Any CPU.Build.0 = Release|Any CPU
	EndGlobalSection
	GlobalSection(SolutionProperties) = preSolution
		HideSolutionNode = FALSE
	EndGlobalSection
	GlobalSection(NestedProjects) = preSolution
		{A5394469-222E-47F2-B88E-670F7D25AD8E} = {8982753D-2359-45C3-9600-8170B675D759}
		{5BA0CBAC-63E5-4E01-AECA-67AE3B63503B} = {8982753D-2359-45C3-9600-8170B675D759}
		{AFC2147B-EAD8-439B-8CA6-D1BF308064B3} = {8982753D-2359-45C3-9600-8170B675D759}
		{976FFEB3-E99D-4B0B-9735-98D2BB311986} = {8982753D-2359-45C3-9600-8170B675D759}
		{0A277EB9-39DD-43B7-AECA-1250F4E62A10} = {8982753D-2359-45C3-9600-8170B675D759}
		{26E19A43-B101-4465-89B3-215AF216A5C2} = {8982753D-2359-45C3-9600-8170B675D759}
		{F9D654B5-6B7A-4573-B8C8-FD09B96C021B} = {8982753D-2359-45C3-9600-8170B675D759}
	EndGlobalSection
EndGlobal
